<?xml version="1.0" encoding="UTF-8"?>
<Project ToolsVersion="14.0" xmlns="http://schemas.microsoft.com/developer/msbuild/2003">
  <ItemGroup>
    <ClCompile Include="C:\Users\Ixmaelon\MyProjects\Cpp\Zoper\app\direction.cpp">
      <Filter>Source Files</Filter>
    </ClCompile>
    <ClCompile Include="C:\Users\Ixmaelon\MyProjects\Cpp\Zoper\app\gamebasetile.cpp">
      <Filter>Source Files</Filter>
    </ClCompile>
    <ClCompile Include="C:\Users\Ixmaelon\MyProjects\Cpp\Zoper\app\gamescene.cpp">
      <Filter>Source Files</Filter>
    </ClCompile>
    <ClCompile Include="C:\Users\Ixmaelon\MyProjects\Cpp\Zoper\app\keymapping.cpp">
      <Filter>Source Files</Filter>
    </ClCompile>
    <ClCompile Include="C:\Users\Ixmaelon\MyProjects\Cpp\Zoper\app\keyredefinitionmenu.cpp">
      <Filter>Source Files</Filter>
    </ClCompile>
    <ClCompile Include="C:\Users\Ixmaelon\MyProjects\Cpp\Zoper\app\levelproperties.cpp">
      <Filter>Source Files</Filter>
    </ClCompile>
    <ClCompile Include="C:\Users\Ixmaelon\MyProjects\Cpp\Zoper\app\main.cpp">
      <Filter>Source Files</Filter>
    </ClCompile>
    <ClCompile Include="C:\Users\Ixmaelon\MyProjects\Cpp\Zoper\app\mainmenu.cpp">
      <Filter>Source Files</Filter>
    </ClCompile>
    <ClCompile Include="C:\Users\Ixmaelon\MyProjects\Cpp\Zoper\app\menuscene.cpp">
      <Filter>Source Files</Filter>
    </ClCompile>
    <ClCompile Include="C:\Users\Ixmaelon\MyProjects\Cpp\Zoper\app\optionsmenu.cpp">
      <Filter>Source Files</Filter>
    </ClCompile>
    <ClCompile Include="C:\Users\Ixmaelon\MyProjects\Cpp\Zoper\app\player.cpp">
      <Filter>Source Files</Filter>
    </ClCompile>
    <ClCompile Include="C:\Users\Ixmaelon\MyProjects\Cpp\Zoper\app\startlevelmenu.cpp">
      <Filter>Source Files</Filter>
    </ClCompile>
    <ClCompile Include="C:\Users\Ixmaelon\MyProjects\Cpp\Zoper\app\tile.cpp">
      <Filter>Source Files</Filter>
    </ClCompile>
    <ClCompile Include="C:\Users\Ixmaelon\MyProjects\Cpp\Zoper\app\zoperprogramcontroller.cpp">
      <Filter>Source Files</Filter>
    </ClCompile>
    <ClCompile Include="C:\Users\Ixmaelon\MyProjects\Cpp\Zoper\app\lib\board\boardmodel.cpp">
      <Filter>lib\board</Filter>
    </ClCompile>
    <ClCompile Include="C:\Users\Ixmaelon\MyProjects\Cpp\Zoper\app\lib\core\configuration.cpp">
      <Filter>lib\core</Filter>
    </ClCompile>
    <ClCompile Include="C:\Users\Ixmaelon\MyProjects\Cpp\Zoper\app\lib\core\log.cpp">
      <Filter>lib\core</Filter>
    </ClCompile>
    <ClCompile Include="C:\Users\Ixmaelon\MyProjects\Cpp\Zoper\app\lib\core\memmanager.cpp">
      <Filter>lib\core</Filter>
    </ClCompile>
    <ClCompile Include="C:\Users\Ixmaelon\MyProjects\Cpp\Zoper\app\lib\core\programcontroller.cpp">
      <Filter>lib\core</Filter>
    </ClCompile>
    <ClCompile Include="C:\Users\Ixmaelon\MyProjects\Cpp\Zoper\app\lib\core\randomizer.cpp">
      <Filter>lib\core</Filter>
    </ClCompile>
    <ClCompile Include="C:\Users\Ixmaelon\MyProjects\Cpp\Zoper\app\lib\core\resource.cpp">
      <Filter>lib\core</Filter>
    </ClCompile>
    <ClCompile Include="C:\Users\Ixmaelon\MyProjects\Cpp\Zoper\app\lib\core\resourcemanager.cpp">
      <Filter>lib\core</Filter>
    </ClCompile>
    <ClCompile Include="C:\Users\Ixmaelon\MyProjects\Cpp\Zoper\app\lib\core\timer.cpp">
      <Filter>lib\core</Filter>
    </ClCompile>
    <ClCompile Include="C:\Users\Ixmaelon\MyProjects\Cpp\Zoper\app\lib\core\window.cpp">
      <Filter>lib\core</Filter>
    </ClCompile>
    <ClCompile Include="C:\Users\Ixmaelon\MyProjects\Cpp\Zoper\app\lib\draw\animationmanager.cpp">
      <Filter>lib\draw</Filter>
    </ClCompile>
    <ClCompile Include="C:\Users\Ixmaelon\MyProjects\Cpp\Zoper\app\lib\draw\coloranimation.cpp">
      <Filter>lib\draw</Filter>
    </ClCompile>
    <ClCompile Include="C:\Users\Ixmaelon\MyProjects\Cpp\Zoper\app\lib\draw\iscenenode.cpp">
      <Filter>lib\draw</Filter>
    </ClCompile>
    <ClCompile Include="C:\Users\Ixmaelon\MyProjects\Cpp\Zoper\app\lib\draw\nodeshape.cpp">
      <Filter>lib\draw</Filter>
    </ClCompile>
    <ClCompile Include="C:\Users\Ixmaelon\MyProjects\Cpp\Zoper\app\lib\draw\nodetext.cpp">
      <Filter>lib\draw</Filter>
    </ClCompile>
    <ClCompile Include="C:\Users\Ixmaelon\MyProjects\Cpp\Zoper\app\lib\draw\positionanimation.cpp">
      <Filter>lib\draw</Filter>
    </ClCompile>
    <ClCompile Include="C:\Users\Ixmaelon\MyProjects\Cpp\Zoper\app\lib\draw\rendergroup.cpp">
      <Filter>lib\draw</Filter>
    </ClCompile>
    <ClCompile Include="C:\Users\Ixmaelon\MyProjects\Cpp\Zoper\app\lib\draw\renderizable.cpp">
      <Filter>lib\draw</Filter>
    </ClCompile>
    <ClCompile Include="C:\Users\Ixmaelon\MyProjects\Cpp\Zoper\app\lib\draw\scene.cpp">
      <Filter>lib\draw</Filter>
    </ClCompile>
    <ClCompile Include="C:\Users\Ixmaelon\MyProjects\Cpp\Zoper\app\lib\draw\scenemanager.cpp">
      <Filter>lib\draw</Filter>
    </ClCompile>
    <ClCompile Include="C:\Users\Ixmaelon\MyProjects\Cpp\Zoper\app\lib\menu\choosecontrol.cpp">
      <Filter>lib\menu</Filter>
    </ClCompile>
    <ClCompile Include="C:\Users\Ixmaelon\MyProjects\Cpp\Zoper\app\lib\menu\menumanager.cpp">
      <Filter>lib\menu</Filter>
    </ClCompile>
    <ClCompile Include="C:\Users\Ixmaelon\MyProjects\Cpp\Zoper\app\lib\menu\menustep.cpp">
      <Filter>lib\menu</Filter>
    </ClCompile>
  </ItemGroup>
  <ItemGroup>
    <ClInclude Include="C:\Users\Ixmaelon\MyProjects\Cpp\Zoper\app\common.hpp">
      <Filter>Header Files</Filter>
    </ClInclude>
    <ClInclude Include="C:\Users\Ixmaelon\MyProjects\Cpp\Zoper\app\direction.hpp">
      <Filter>Header Files</Filter>
    </ClInclude>
    <ClInclude Include="C:\Users\Ixmaelon\MyProjects\Cpp\Zoper\app\gamebasetile.hpp">
      <Filter>Header Files</Filter>
    </ClInclude>
    <ClInclude Include="C:\Users\Ixmaelon\MyProjects\Cpp\Zoper\app\gamescene.hpp">
      <Filter>Header Files</Filter>
    </ClInclude>
    <ClInclude Include="C:\Users\Ixmaelon\MyProjects\Cpp\Zoper\app\keymapping.hpp">
      <Filter>Header Files</Filter>
    </ClInclude>
    <ClInclude Include="C:\Users\Ixmaelon\MyProjects\Cpp\Zoper\app\keyredefinitionmenu.hpp">
      <Filter>Header Files</Filter>
    </ClInclude>
    <ClInclude Include="C:\Users\Ixmaelon\MyProjects\Cpp\Zoper\app\levelproperties.hpp">
      <Filter>Header Files</Filter>
    </ClInclude>
    <ClInclude Include="C:\Users\Ixmaelon\MyProjects\Cpp\Zoper\app\mainmenu.hpp">
      <Filter>Header Files</Filter>
    </ClInclude>
    <ClInclude Include="C:\Users\Ixmaelon\MyProjects\Cpp\Zoper\app\menuscene.hpp">
      <Filter>Header Files</Filter>
    </ClInclude>
    <ClInclude Include="C:\Users\Ixmaelon\MyProjects\Cpp\Zoper\app\optionsmenu.hpp">
      <Filter>Header Files</Filter>
    </ClInclude>
    <ClInclude Include="C:\Users\Ixmaelon\MyProjects\Cpp\Zoper\app\player.hpp">
      <Filter>Header Files</Filter>
    </ClInclude>
    <ClInclude Include="C:\Users\Ixmaelon\MyProjects\Cpp\Zoper\app\startlevelmenu.hpp">
      <Filter>Header Files</Filter>
    </ClInclude>
    <ClInclude Include="C:\Users\Ixmaelon\MyProjects\Cpp\Zoper\app\tile.hpp">
      <Filter>Header Files</Filter>
    </ClInclude>
    <ClInclude Include="C:\Users\Ixmaelon\MyProjects\Cpp\Zoper\app\zoperprogramcontroller.hpp">
      <Filter>Header Files</Filter>
    </ClInclude>
    <ClInclude Include="C:\Users\Ixmaelon\MyProjects\Cpp\Zoper\app\lib\board\boardmodel.hpp">
      <Filter>lib\board</Filter>
    </ClInclude>
    <ClInclude Include="C:\Users\Ixmaelon\MyProjects\Cpp\Zoper\app\lib\board\itilescontroller.hpp">
      <Filter>lib\board</Filter>
    </ClInclude>
    <ClInclude Include="C:\Users\Ixmaelon\MyProjects\Cpp\Zoper\app\lib\core\compileconfig.hpp">
      <Filter>lib\core</Filter>
    </ClInclude>
    <ClInclude Include="C:\Users\Ixmaelon\MyProjects\Cpp\Zoper\app\lib\core\configuration.hpp">
      <Filter>lib\core</Filter>
    </ClInclude>
    <ClInclude Include="C:\Users\Ixmaelon\MyProjects\Cpp\Zoper\app\lib\core\exceptions.hpp">
      <Filter>lib\core</Filter>
    </ClInclude>
    <ClInclude Include="C:\Users\Ixmaelon\MyProjects\Cpp\Zoper\app\lib\core\log.hpp">
      <Filter>lib\core</Filter>
    </ClInclude>
    <ClInclude Include="C:\Users\Ixmaelon\MyProjects\Cpp\Zoper\app\lib\core\memmanager.hpp">
      <Filter>lib\core</Filter>
    </ClInclude>
    <ClInclude Include="C:\Users\Ixmaelon\MyProjects\Cpp\Zoper\app\lib\core\programcontroller.hpp">
      <Filter>lib\core</Filter>
    </ClInclude>
    <ClInclude Include="C:\Users\Ixmaelon\MyProjects\Cpp\Zoper\app\lib\core\randomizer.hpp">
      <Filter>lib\core</Filter>
    </ClInclude>
    <ClInclude Include="C:\Users\Ixmaelon\MyProjects\Cpp\Zoper\app\lib\core\renderwindow.hpp">
      <Filter>lib\core</Filter>
    </ClInclude>
    <ClInclude Include="C:\Users\Ixmaelon\MyProjects\Cpp\Zoper\app\lib\core\resource.hpp">
      <Filter>lib\core</Filter>
    </ClInclude>
    <ClInclude Include="C:\Users\Ixmaelon\MyProjects\Cpp\Zoper\app\lib\core\resourcemanager.hpp">
      <Filter>lib\core</Filter>
    </ClInclude>
    <ClInclude Include="C:\Users\Ixmaelon\MyProjects\Cpp\Zoper\app\lib\core\timer.hpp">
      <Filter>lib\core</Filter>
    </ClInclude>
    <ClInclude Include="C:\Users\Ixmaelon\MyProjects\Cpp\Zoper\app\lib\core\vutils.hpp">
      <Filter>lib\core</Filter>
    </ClInclude>
    <ClInclude Include="C:\Users\Ixmaelon\MyProjects\Cpp\Zoper\app\lib\core\window.hpp">
      <Filter>lib\core</Filter>
    </ClInclude>
    <ClInclude Include="C:\Users\Ixmaelon\MyProjects\Cpp\Zoper\app\lib\draw\animationmanager.hpp">
      <Filter>lib\draw</Filter>
    </ClInclude>
    <ClInclude Include="C:\Users\Ixmaelon\MyProjects\Cpp\Zoper\app\lib\draw\coloranimation.hpp">
      <Filter>lib\draw</Filter>
    </ClInclude>
    <ClInclude Include="C:\Users\Ixmaelon\MyProjects\Cpp\Zoper\app\lib\draw\hasname.hpp">
      <Filter>lib\draw</Filter>
    </ClInclude>
    <ClInclude Include="C:\Users\Ixmaelon\MyProjects\Cpp\Zoper\app\lib\draw\ianimation.hpp">
      <Filter>lib\draw</Filter>
    </ClInclude>
    <ClInclude Include="C:\Users\Ixmaelon\MyProjects\Cpp\Zoper\app\lib\draw\idrawable.hpp">
      <Filter>lib\draw</Filter>
    </ClInclude>
    <ClInclude Include="C:\Users\Ixmaelon\MyProjects\Cpp\Zoper\app\lib\draw\iscenenode.hpp">
      <Filter>lib\draw</Filter>
    </ClInclude>
    <ClInclude Include="C:\Users\Ixmaelon\MyProjects\Cpp\Zoper\app\lib\draw\nodeshape.hpp">
      <Filter>lib\draw</Filter>
    </ClInclude>
    <ClInclude Include="C:\Users\Ixmaelon\MyProjects\Cpp\Zoper\app\lib\draw\nodetext.hpp">
      <Filter>lib\draw</Filter>
    </ClInclude>
    <ClInclude Include="C:\Users\Ixmaelon\MyProjects\Cpp\Zoper\app\lib\draw\positionanimation.hpp">
      <Filter>lib\draw</Filter>
    </ClInclude>
    <ClInclude Include="C:\Users\Ixmaelon\MyProjects\Cpp\Zoper\app\lib\draw\rendergroup.hpp">
      <Filter>lib\draw</Filter>
    </ClInclude>
    <ClInclude Include="C:\Users\Ixmaelon\MyProjects\Cpp\Zoper\app\lib\draw\renderizable.hpp">
      <Filter>lib\draw</Filter>
    </ClInclude>
    <ClInclude Include="C:\Users\Ixmaelon\MyProjects\Cpp\Zoper\app\lib\draw\scene.hpp">
      <Filter>lib\draw</Filter>
    </ClInclude>
    <ClInclude Include="C:\Users\Ixmaelon\MyProjects\Cpp\Zoper\app\lib\draw\scenemanager.hpp">
      <Filter>lib\draw</Filter>
    </ClInclude>
    <ClInclude Include="C:\Users\Ixmaelon\MyProjects\Cpp\Zoper\app\lib\include\types.hpp">
      <Filter>lib\include</Filter>
    </ClInclude>
    <ClInclude Include="C:\Users\Ixmaelon\MyProjects\Cpp\Zoper\app\lib\menu\choosecontrol.hpp">
      <Filter>lib\menu</Filter>
    </ClInclude>
    <ClInclude Include="C:\Users\Ixmaelon\MyProjects\Cpp\Zoper\app\lib\menu\imenucontrol.hpp">
      <Filter>lib\menu</Filter>
    </ClInclude>
    <ClInclude Include="C:\Users\Ixmaelon\MyProjects\Cpp\Zoper\app\lib\menu\menudescriptors.hpp">
      <Filter>lib\menu</Filter>
    </ClInclude>
    <ClInclude Include="C:\Users\Ixmaelon\MyProjects\Cpp\Zoper\app\lib\menu\menumanager.hpp">
      <Filter>lib\menu</Filter>
    </ClInclude>
    <ClInclude Include="C:\Users\Ixmaelon\MyProjects\Cpp\Zoper\app\lib\menu\menustep.hpp">
      <Filter>lib\menu</Filter>
    </ClInclude>
  </ItemGroup>
  <ItemGroup>
    <CustomBuild Include="C:\Users\Ixmaelon\MyProjects\Cpp\Zoper\app\CMakeLists.txt" />
  </ItemGroup>
  <ItemGroup>
    <Filter Include="Source Files">
      <UniqueIdentifier>{94ECD818-4813-3E17-9E8B-8EAA3F867600}</UniqueIdentifier>
    </Filter>
    <Filter Include="Header Files">
      <UniqueIdentifier>{73ABA9B4-DC79-3FA8-9646-80B314E16416}</UniqueIdentifier>
    </Filter>
    <Filter Include="lib">
      <UniqueIdentifier>{0BCDF19C-5619-34AD-B75C-1B2E01B70886}</UniqueIdentifier>
    </Filter>
    <Filter Include="lib\include">
      <UniqueIdentifier>{A106FE47-2CB3-38AA-B50A-11E5ED012200}</UniqueIdentifier>
    </Filter>
    <Filter Include="lib\core">
      <UniqueIdentifier>{C7663C44-E5B5-3B3B-8F78-ADFD8EDA577A}</UniqueIdentifier>
    </Filter>
    <Filter Include="lib\draw">
      <UniqueIdentifier>{BE2E239C-8317-3453-8E76-547B2F9114BA}</UniqueIdentifier>
    </Filter>
    <Filter Include="lib\menu">
      <UniqueIdentifier>{8398553C-D95E-3C4D-8351-664253AD7328}</UniqueIdentifier>
    </Filter>
    <Filter Include="lib\board">
      <UniqueIdentifier>{6FC96E41-B584-3375-BF1E-FBA17EA7FD7B}</UniqueIdentifier>
    </Filter>
  </ItemGroup>
</Project>
