Microsoft Visual Studio Solution File, Format Version 12.00
# Visual Studio 14
Project("{8BC9CEB8-8B4A-11D0-8D11-00A0C91BC942}") = "ALL_BUILD", "ALL_BUILD.vcxproj", "{049E70F7-ACE4-399C-AFFF-F2BE7C37BBFD}"
	ProjectSection(ProjectDependencies) = postProject
		{646FF05C-9C29-3D2C-ACCB-F1D58FAFB0D5} = {646FF05C-9C29-3D2C-ACCB-F1D58FAFB0D5}
		{3ADA1E26-5597-31C2-BA4C-EA1ABA268EBF} = {3ADA1E26-5597-31C2-BA4C-EA1ABA268EBF}
	EndProjectSection
EndProject
Project("{8BC9CEB8-8B4A-11D0-8D11-00A0C91BC942}") = "INSTALL", "INSTALL.vcxproj", "{6A55FF1F-46B1-3C88-ACEC-0C3204AD4C6E}"
	ProjectSection(ProjectDependencies) = postProject
		{049E70F7-ACE4-399C-AFFF-F2BE7C37BBFD} = {049E70F7-ACE4-399C-AFFF-F2BE7C37BBFD}
	EndProjectSection
EndProject
Project("{8BC9CEB8-8B4A-11D0-8D11-00A0C91BC942}") = "ZERO_CHECK", "ZERO_CHECK.vcxproj", "{646FF05C-9C29-3D2C-ACCB-F1D58FAFB0D5}"
	ProjectSection(ProjectDependencies) = postProject
	EndProjectSection
EndProject
Project("{8BC9CEB8-8B4A-11D0-8D11-00A0C91BC942}") = "app", "app\app.vcxproj", "{3ADA1E26-5597-31C2-BA4C-EA1ABA268EBF}"
	ProjectSection(ProjectDependencies) = postProject
		{646FF05C-9C29-3D2C-ACCB-F1D58FAFB0D5} = {646FF05C-9C29-3D2C-ACCB-F1D58FAFB0D5}
	EndProjectSection
EndProject
Project("{8BC9CEB8-8B4A-11D0-8D11-00A0C91BC942}") = "copy_sfml", "app\copy_sfml.vcxproj", "{B67BB171-AA94-31D7-B6A9-9C654CC50DAC}"
	ProjectSection(ProjectDependencies) = postProject
		{646FF05C-9C29-3D2C-ACCB-F1D58FAFB0D5} = {646FF05C-9C29-3D2C-ACCB-F1D58FAFB0D5}
		{3ADA1E26-5597-31C2-BA4C-EA1ABA268EBF} = {3ADA1E26-5597-31C2-BA4C-EA1ABA268EBF}
	EndProjectSection
EndProject
Project("{2150E333-8FDC-42A3-9474-1A3956D46DE8}") = "CMakePredefinedTargets", "CMakePredefinedTargets", "{81B68065-4CC9-398A-933C-D6A5220CC82E}"
EndProject
Global
	GlobalSection(SolutionConfigurationPlatforms) = preSolution
		Debug|Win32 = Debug|Win32
		Release|Win32 = Release|Win32
		MinSizeRel|Win32 = MinSizeRel|Win32
		RelWithDebInfo|Win32 = RelWithDebInfo|Win32
	EndGlobalSection
	GlobalSection(ProjectConfigurationPlatforms) = postSolution
		{049E70F7-ACE4-399C-AFFF-F2BE7C37BBFD}.Debug|Win32.ActiveCfg = Debug|Win32
		{049E70F7-ACE4-399C-AFFF-F2BE7C37BBFD}.Debug|Win32.Build.0 = Debug|Win32
		{049E70F7-ACE4-399C-AFFF-F2BE7C37BBFD}.Release|Win32.ActiveCfg = Release|Win32
		{049E70F7-ACE4-399C-AFFF-F2BE7C37BBFD}.Release|Win32.Build.0 = Release|Win32
		{049E70F7-ACE4-399C-AFFF-F2BE7C37BBFD}.MinSizeRel|Win32.ActiveCfg = MinSizeRel|Win32
		{049E70F7-ACE4-399C-AFFF-F2BE7C37BBFD}.MinSizeRel|Win32.Build.0 = MinSizeRel|Win32
		{049E70F7-ACE4-399C-AFFF-F2BE7C37BBFD}.RelWithDebInfo|Win32.ActiveCfg = RelWithDebInfo|Win32
		{049E70F7-ACE4-399C-AFFF-F2BE7C37BBFD}.RelWithDebInfo|Win32.Build.0 = RelWithDebInfo|Win32
		{6A55FF1F-46B1-3C88-ACEC-0C3204AD4C6E}.Debug|Win32.ActiveCfg = Debug|Win32
		{6A55FF1F-46B1-3C88-ACEC-0C3204AD4C6E}.Release|Win32.ActiveCfg = Release|Win32
		{6A55FF1F-46B1-3C88-ACEC-0C3204AD4C6E}.MinSizeRel|Win32.ActiveCfg = MinSizeRel|Win32
		{6A55FF1F-46B1-3C88-ACEC-0C3204AD4C6E}.RelWithDebInfo|Win32.ActiveCfg = RelWithDebInfo|Win32
		{646FF05C-9C29-3D2C-ACCB-F1D58FAFB0D5}.Debug|Win32.ActiveCfg = Debug|Win32
		{646FF05C-9C29-3D2C-ACCB-F1D58FAFB0D5}.Debug|Win32.Build.0 = Debug|Win32
		{646FF05C-9C29-3D2C-ACCB-F1D58FAFB0D5}.Release|Win32.ActiveCfg = Release|Win32
		{646FF05C-9C29-3D2C-ACCB-F1D58FAFB0D5}.Release|Win32.Build.0 = Release|Win32
		{646FF05C-9C29-3D2C-ACCB-F1D58FAFB0D5}.MinSizeRel|Win32.ActiveCfg = MinSizeRel|Win32
		{646FF05C-9C29-3D2C-ACCB-F1D58FAFB0D5}.MinSizeRel|Win32.Build.0 = MinSizeRel|Win32
		{646FF05C-9C29-3D2C-ACCB-F1D58FAFB0D5}.RelWithDebInfo|Win32.ActiveCfg = RelWithDebInfo|Win32
		{646FF05C-9C29-3D2C-ACCB-F1D58FAFB0D5}.RelWithDebInfo|Win32.Build.0 = RelWithDebInfo|Win32
		{3ADA1E26-5597-31C2-BA4C-EA1ABA268EBF}.Debug|Win32.ActiveCfg = Debug|Win32
		{3ADA1E26-5597-31C2-BA4C-EA1ABA268EBF}.Debug|Win32.Build.0 = Debug|Win32
		{3ADA1E26-5597-31C2-BA4C-EA1ABA268EBF}.Release|Win32.ActiveCfg = Release|Win32
		{3ADA1E26-5597-31C2-BA4C-EA1ABA268EBF}.Release|Win32.Build.0 = Release|Win32
		{3ADA1E26-5597-31C2-BA4C-EA1ABA268EBF}.MinSizeRel|Win32.ActiveCfg = MinSizeRel|Win32
		{3ADA1E26-5597-31C2-BA4C-EA1ABA268EBF}.MinSizeRel|Win32.Build.0 = MinSizeRel|Win32
		{3ADA1E26-5597-31C2-BA4C-EA1ABA268EBF}.RelWithDebInfo|Win32.ActiveCfg = RelWithDebInfo|Win32
		{3ADA1E26-5597-31C2-BA4C-EA1ABA268EBF}.RelWithDebInfo|Win32.Build.0 = RelWithDebInfo|Win32
		{B67BB171-AA94-31D7-B6A9-9C654CC50DAC}.Debug|Win32.ActiveCfg = Debug|Win32
		{B67BB171-AA94-31D7-B6A9-9C654CC50DAC}.Release|Win32.ActiveCfg = Release|Win32
		{B67BB171-AA94-31D7-B6A9-9C654CC50DAC}.MinSizeRel|Win32.ActiveCfg = MinSizeRel|Win32
		{B67BB171-AA94-31D7-B6A9-9C654CC50DAC}.RelWithDebInfo|Win32.ActiveCfg = RelWithDebInfo|Win32
	EndGlobalSection
	GlobalSection(NestedProjects) = preSolution
		{6A55FF1F-46B1-3C88-ACEC-0C3204AD4C6E} = {81B68065-4CC9-398A-933C-D6A5220CC82E}
		{646FF05C-9C29-3D2C-ACCB-F1D58FAFB0D5} = {81B68065-4CC9-398A-933C-D6A5220CC82E}
	EndGlobalSection
	GlobalSection(ExtensibilityGlobals) = postSolution
	EndGlobalSection
	GlobalSection(ExtensibilityAddIns) = postSolution
	EndGlobalSection
EndGlobal
